
Microsoft Visual Studio Solution File, Format Version 11.00
# Visual Studio 2010
Project("{FAE04EC0-301F-11D3-BF4B-00C04F79EFBC}") = "Player", "FileManager\Player.csproj", "{8F781FD0-43BA-4713-9086-EC3969EB0421}"
EndProject
Global
	GlobalSection(SolutionConfigurationPlatforms) = preSolution
		Debug|x86 = Debug|x86
		Release|x86 = Release|x86
	EndGlobalSection
	GlobalSection(ProjectConfigurationPlatforms) = postSolution
		{8F781FD0-43BA-4713-9086-EC3969EB0421}.Debug|x86.ActiveCfg = Debug|x86
		{8F781FD0-43BA-4713-9086-EC3969EB0421}.Debug|x86.Build.0 = Debug|x86
		{8F781FD0-43BA-4713-9086-EC3969EB0421}.Release|x86.ActiveCfg = Release|x86
		{8F781FD0-43BA-4713-9086-EC3969EB0421}.Release|x86.Build.0 = Release|x86
	EndGlobalSection
	GlobalSection(SolutionProperties) = preSolution
		HideSolutionNode = FALSE
	EndGlobalSection
EndGlobal
